PODS:
  - AFNetworking (3.1.0):
    - AFNetworking/NSURLSession (= 3.1.0)
    - AFNetworking/Reachability (= 3.1.0)
    - AFNetworking/Security (= 3.1.0)
    - AFNetworking/Serialization (= 3.1.0)
    - AFNetworking/UIKit (= 3.1.0)
  - AFNetworking/NSURLSession (3.1.0):
    - AFNetworking/Reachability
    - AFNetworking/Security
    - AFNetworking/Serialization
  - AFNetworking/Reachability (3.1.0)
  - AFNetworking/Security (3.1.0)
  - AFNetworking/Serialization (3.1.0)
  - AFNetworking/UIKit (3.1.0):
    - AFNetworking/NSURLSession
  - FSCalendar (2.7.9)
  - IQKeyboardManager (5.0.6)
  - Masonry (1.1.0)
  - MBProgressHUD (1.0.0)
  - MJExtension (3.0.13)
  - MJRefresh (3.1.15.1)
  - NIMSDK (4.1.0)
  - SDWebImage (3.8.2):
    - SDWebImage/Core (= 3.8.2)
  - SDWebImage/Core (3.8.2)
  - TZImagePickerController (1.9.6)
  - YYKit (1.0.9):
    - YYKit/no-arc (= 1.0.9)
  - YYKit/no-arc (1.0.9)

DEPENDENCIES:
  - AFNetworking (~> 3.0)
  - FSCalendar
  - IQKeyboardManager
  - Masonry
  - MBProgressHUD (~> 1.0.0)
  - MJExtension
  - MJRefresh
  - NIMSDK (~> 4.1.0)
  - SDWebImage (~> 3.8)
  - TZImagePickerController
  - YYKit

SPEC CHECKSUMS:
  AFNetworking: 5e0e199f73d8626b11e79750991f5d173d1f8b67
  FSCalendar: a04b09f16f811bc92e82f3cf852a15225233b9d5
  IQKeyboardManager: 077b7f691dfa9d69db9cff66f2bed68ebfc02d9b
  Masonry: 678fab65091a9290e40e2832a55e7ab731aad201
  MBProgressHUD: 4890f671c94e8a0f3cf959aa731e9de2f036d71a
  MJExtension: 5932755f451458eefa24239358817f8d291240c7
  MJRefresh: 5f8552bc25ca8751c010f621c1098dbdaacbccd6
  NIMSDK: aa7c00ddc66181f75d8d970f7f5ab00ca95dd374
  SDWebImage: 098e97e6176540799c27e804c96653ee0833d13c
  TZImagePickerController: 276dc7c0cc70da9ee354046474b405d87ef81c89
  YYKit: 7cda43304a8dc3696c449041e2cb3107b4e236e7

PODFILE CHECKSUM: d9327f88de7d7af0f51ffe8eafabd6e76caabc71

COCOAPODS: 1.3.1
